
Microsoft Visual Studio Solution File, Format Version 12.00
# Visual Studio 2013
VisualStudioVersion = 12.0.30501.0
MinimumVisualStudioVersion = 10.0.40219.1
Project("{FAE04EC0-301F-11D3-BF4B-00C04F79EFBC}") = "Reports", "Reports.csproj", "{21A92CFD-C949-4D3E-875B-509E85D643B5}"
EndProject
Project("{FAE04EC0-301F-11D3-BF4B-00C04F79EFBC}") = "SharedDbWorker", "..\ShareDbWorker\SharedDbWorker.csproj", "{FB191289-4266-4586-81C3-16FB78D810BA}"
EndProject
Global
	GlobalSection(SolutionConfigurationPlatforms) = preSolution
		Debug|Any CPU = Debug|Any CPU
		Release|Any CPU = Release|Any CPU
	EndGlobalSection
	GlobalSection(ProjectConfigurationPlatforms) = postSolution
		{21A92CFD-C949-4D3E-875B-509E85D643B5}.Debug|Any CPU.ActiveCfg = Debug|Any CPU
		{21A92CFD-C949-4D3E-875B-509E85D643B5}.Debug|Any CPU.Build.0 = Debug|Any CPU
		{21A92CFD-C949-4D3E-875B-509E85D643B5}.Release|Any CPU.ActiveCfg = Release|Any CPU
		{21A92CFD-C949-4D3E-875B-509E85D643B5}.Release|Any CPU.Build.0 = Release|Any CPU
		{FB191289-4266-4586-81C3-16FB78D810BA}.Debug|Any CPU.ActiveCfg = Debug|Any CPU
		{FB191289-4266-4586-81C3-16FB78D810BA}.Debug|Any CPU.Build.0 = Debug|Any CPU
		{FB191289-4266-4586-81C3-16FB78D810BA}.Release|Any CPU.ActiveCfg = Release|Any CPU
		{FB191289-4266-4586-81C3-16FB78D810BA}.Release|Any CPU.Build.0 = Release|Any CPU
	EndGlobalSection
	GlobalSection(SolutionProperties) = preSolution
		HideSolutionNode = FALSE
	EndGlobalSection
EndGlobal
